schema: '2.0'
stages:
  data_ingestion:
    cmd: python src/data_ingestion.py
    deps:
    - path: Teen_Mental_Health_Dataset.csv
      hash: md5
      md5: 1e302778a1f33075057e980e0f90e577
      size: 62496
    - path: src/data_ingestion.py
      hash: md5
      md5: 8d0b6dce73438ddb4276d577a84b7e34
      size: 1131
    params:
      params.yaml:
        data_ingestion.test_size: 0.2
    outs:
    - path: data/raw
      hash: md5
      md5: 881d31c0e8af5aa6f3e7752a14e8420f.dir
      size: 187488
      nfiles: 3
  feature_engineering:
    cmd: python src/feature_engineering.py
    deps:
    - path: data/raw/model.csv
      hash: md5
      md5: 1e302778a1f33075057e980e0f90e577
      size: 62496
    - path: src/feature_engineering.py
      hash: md5
      md5: ce755bc87626f99425eed1583f874b10
      size: 1878
    params:
      params.yaml:
        feature_engineering.encoder: OneHotEncoder
    outs:
    - path: data/feature_engg
      hash: md5
      md5: d181d45f293f02d95cdb66dc505d4933.dir
      size: 79796
      nfiles: 2
  model_building:
    cmd: python src/model_building.py
    deps:
    - path: data/feature_engg/X.csv
      hash: md5
      md5: 60ffa57a4190958445a5d966d4c32925
      size: 76178
    - path: data/feature_engg/y.csv
      hash: md5
      md5: 37e25f4e55a1b2e6de98c91cd479680e
      size: 3618
    - path: src/model_building.py
      hash: md5
      md5: f9a6a9b97289b0418374009e354af64d
      size: 2821
    params:
      params.yaml:
        model_building.param_grid:
          max_depth:
          - 4
          - 6
          - 10
          learning_rate:
          - 0.01
          - 0.05
          - 0.01
          n_estimators:
          - 100
          - 200
    outs:
    - path: data/model
      hash: md5
      md5: 964c7aebfda8ee6e3ebb9558f9b2392c.dir
      size: 197522
      nfiles: 1
  register_model:
    cmd: python src/register_model.py
    deps:
    - path: reports/experiment.json
      hash: md5
      md5: a066dd6af1101de110a98973c09e24a2
      size: 118
    - path: src/register_model.py
      hash: md5
      md5: 835ffa61425e6916c30c47b56597dc67
      size: 1470
